
Microsoft Visual Studio Solution File, Format Version 12.00
# Visual Studio Version 16
VisualStudioVersion = 16.0.30907.101
MinimumVisualStudioVersion = 10.0.40219.1
Project("{FAE04EC0-301F-11D3-BF4B-00C04F79EFBC}") = "AddressBookUsingCollection", "AddressBookUsingCollection\AddressBookUsingCollection.csproj", "{6B1715BE-6C0D-4D70-8D24-B019DD515A8D}"
EndProject
Global
	GlobalSection(SolutionConfigurationPlatforms) = preSolution
		Debug|Any CPU = Debug|Any CPU
		Release|Any CPU = Release|Any CPU
	EndGlobalSection
	GlobalSection(ProjectConfigurationPlatforms) = postSolution
		{6B1715BE-6C0D-4D70-8D24-B019DD515A8D}.Debug|Any CPU.ActiveCfg = Debug|Any CPU
		{6B1715BE-6C0D-4D70-8D24-B019DD515A8D}.Debug|Any CPU.Build.0 = Debug|Any CPU
		{6B1715BE-6C0D-4D70-8D24-B019DD515A8D}.Release|Any CPU.ActiveCfg = Release|Any CPU
		{6B1715BE-6C0D-4D70-8D24-B019DD515A8D}.Release|Any CPU.Build.0 = Release|Any CPU
	EndGlobalSection
	GlobalSection(SolutionProperties) = preSolution
		HideSolutionNode = FALSE
	EndGlobalSection
	GlobalSection(ExtensibilityGlobals) = postSolution
		SolutionGuid = {3156B8E8-E347-4013-AC36-C869934540CF}
	EndGlobalSection
EndGlobal
